
Microsoft Visual Studio Solution File, Format Version 12.00
# Visual Studio Version 17
VisualStudioVersion = 17.5.002.0
MinimumVisualStudioVersion = 10.0.40219.1
Project("{9A19103F-16F7-4668-BE54-9A1E7A4F7556}") = "GerenciadorDeProdutos", "GerenciadorDeProdutos\GerenciadorDeProdutos.csproj", "{712AE849-34A1-4193-946C-B25E05DBF71D}"
EndProject
Global
	GlobalSection(SolutionConfigurationPlatforms) = preSolution
		Debug|Any CPU = Debug|Any CPU
		Release|Any CPU = Release|Any CPU
	EndGlobalSection
	GlobalSection(ProjectConfigurationPlatforms) = postSolution
		{712AE849-34A1-4193-946C-B25E05DBF71D}.Debug|Any CPU.ActiveCfg = Debug|Any CPU
		{712AE849-34A1-4193-946C-B25E05DBF71D}.Debug|Any CPU.Build.0 = Debug|Any CPU
		{712AE849-34A1-4193-946C-B25E05DBF71D}.Release|Any CPU.ActiveCfg = Release|Any CPU
		{712AE849-34A1-4193-946C-B25E05DBF71D}.Release|Any CPU.Build.0 = Release|Any CPU
	EndGlobalSection
	GlobalSection(SolutionProperties) = preSolution
		HideSolutionNode = FALSE
	EndGlobalSection
	GlobalSection(ExtensibilityGlobals) = postSolution
		SolutionGuid = {9725A73A-6B3D-4EDC-86CA-A95128D2E234}
	EndGlobalSection
EndGlobal
